// !$*UTF8*$!
{
	archiveVersion = 1;
	classes = {
	};
	objectVersion = 55;
	objects = {

/* Begin PBXBuildFile section */
		6507D96527C0994D00D9FFB6 /* MeetingFooterView.swift in Sources */ = {isa = PBXBuildFile; fileRef = 6507D96427C0994D00D9FFB6 /* MeetingFooterView.swift */; };
		6507D96827C14FC500D9FFB6 /* AVPlayer+Ding.swift in Sources */ = {isa = PBXBuildFile; fileRef = 6507D96727C14FC500D9FFB6 /* AVPlayer+Ding.swift */; };
		6507D96A27C1563300D9FFB6 /* ding.wav in Resources */ = {isa = PBXBuildFile; fileRef = 6507D96927C1563300D9FFB6 /* ding.wav */; };
		6507D96C27C1CF6200D9FFB6 /* History.swift in Sources */ = {isa = PBXBuildFile; fileRef = 6507D96B27C1CF6200D9FFB6 /* History.swift */; };
		650CAC8827A22A7E000F6D12 /* ScrumdingerApp.swift in Sources */ = {isa = PBXBuildFile; fileRef = 650CAC8727A22A7E000F6D12 /* ScrumdingerApp.swift */; };
		650CAC8A27A22A7E000F6D12 /* MeetingView.swift in Sources */ = {isa = PBXBuildFile; fileRef = 650CAC8927A22A7E000F6D12 /* MeetingView.swift */; };
		650CAC8C27A22A81000F6D12 /* Assets.xcassets in Resources */ = {isa = PBXBuildFile; fileRef = 650CAC8B27A22A81000F6D12 /* Assets.xcassets */; };
		650CAC8F27A22A81000F6D12 /* Preview Assets.xcassets in Resources */ = {isa = PBXBuildFile; fileRef = 650CAC8E27A22A81000F6D12 /* Preview Assets.xcassets */; };
		65226DE427A82B0900507D5C /* DetailView.swift in Sources */ = {isa = PBXBuildFile; fileRef = 65226DE327A82B0900507D5C /* DetailView.swift */; };
		6550B1CF27A5A5FF0013F0E8 /* Theme.swift in Sources */ = {isa = PBXBuildFile; fileRef = 6550B1CE27A5A5FF0013F0E8 /* Theme.swift */; };
		6550B1D127A5AB0A0013F0E8 /* DailyScrum.swift in Sources */ = {isa = PBXBuildFile; fileRef = 6550B1D027A5AB0A0013F0E8 /* DailyScrum.swift */; };
		6550B1D327A5AD1B0013F0E8 /* CardView.swift in Sources */ = {isa = PBXBuildFile; fileRef = 6550B1D227A5AD1B0013F0E8 /* CardView.swift */; };
		65557B2427AF3E66001A2602 /* DetailEditView.swift in Sources */ = {isa = PBXBuildFile; fileRef = 65557B2327AF3E66001A2602 /* DetailEditView.swift */; };
		65557B2627B034AF001A2602 /* ThemeView.swift in Sources */ = {isa = PBXBuildFile; fileRef = 65557B2527B034AF001A2602 /* ThemeView.swift */; };
		65557B2827B03984001A2602 /* ThemePicker.swift in Sources */ = {isa = PBXBuildFile; fileRef = 65557B2727B03984001A2602 /* ThemePicker.swift */; };
		658E9C9127A7282A00D7496A /* ScrumsView.swift in Sources */ = {isa = PBXBuildFile; fileRef = 658E9C9027A7282A00D7496A /* ScrumsView.swift */; };
		65A4077B27A5BEFE006584BA /* TrailingIconLabelStyle.swift in Sources */ = {isa = PBXBuildFile; fileRef = 65A4077A27A5BEFE006584BA /* TrailingIconLabelStyle.swift */; };
		65BB6DDB27BD50D0005A6151 /* MeetingHeaderView.swift in Sources */ = {isa = PBXBuildFile; fileRef = 65BB6DDA27BD50D0005A6151 /* MeetingHeaderView.swift */; };
		65BF5A0227BDEB9F003E3A24 /* ScrumProgressViewStyle.swift in Sources */ = {isa = PBXBuildFile; fileRef = 65BF5A0127BDEB9F003E3A24 /* ScrumProgressViewStyle.swift */; };
		65BF5A0427BDFB97003E3A24 /* ScrumTimer.swift in Sources */ = {isa = PBXBuildFile; fileRef = 65BF5A0327BDFB97003E3A24 /* ScrumTimer.swift */; };
/* End PBXBuildFile section */

/* Begin PBXFileReference section */
		6507D96427C0994D00D9FFB6 /* MeetingFooterView.swift */ = {isa = PBXFileReference; lastKnownFileType = sourcecode.swift; path = MeetingFooterView.swift; sourceTree = "<group>"; };
		6507D96727C14FC500D9FFB6 /* AVPlayer+Ding.swift */ = {isa = PBXFileReference; lastKnownFileType = sourcecode.swift; path = "AVPlayer+Ding.swift"; sourceTree = "<group>"; };
		6507D96927C1563300D9FFB6 /* ding.wav */ = {isa = PBXFileReference; lastKnownFileType = audio.wav; path = ding.wav; sourceTree = "<group>"; };
		6507D96B27C1CF6200D9FFB6 /* History.swift */ = {isa = PBXFileReference; lastKnownFileType = sourcecode.swift; path = History.swift; sourceTree = "<group>"; };
		650CAC8427A22A7E000F6D12 /* Scrumdinger.app */ = {isa = PBXFileReference; explicitFileType = wrapper.application; includeInIndex = 0; path = Scrumdinger.app; sourceTree = BUILT_PRODUCTS_DIR; };
		650CAC8727A22A7E000F6D12 /* ScrumdingerApp.swift */ = {isa = PBXFileReference; lastKnownFileType = sourcecode.swift; path = ScrumdingerApp.swift; sourceTree = "<group>"; };
		650CAC8927A22A7E000F6D12 /* MeetingView.swift */ = {isa = PBXFileReference; lastKnownFileType = sourcecode.swift; path = MeetingView.swift; sourceTree = "<group>"; };
		650CAC8B27A22A81000F6D12 /* Assets.xcassets */ = {isa = PBXFileReference; lastKnownFileType = folder.assetcatalog; path = Assets.xcassets; sourceTree = "<group>"; };
		650CAC8E27A22A81000F6D12 /* Preview Assets.xcassets */ = {isa = PBXFileReference; lastKnownFileType = folder.assetcatalog; path = "Preview Assets.xcassets"; sourceTree = "<group>"; };
		65226DE327A82B0900507D5C /* DetailView.swift */ = {isa = PBXFileReference; lastKnownFileType = sourcecode.swift; path = DetailView.swift; sourceTree = "<group>"; };
		6550B1CE27A5A5FF0013F0E8 /* Theme.swift */ = {isa = PBXFileReference; lastKnownFileType = sourcecode.swift; path = Theme.swift; sourceTree = "<group>"; };
		6550B1D027A5AB0A0013F0E8 /* DailyScrum.swift */ = {isa = PBXFileReference; lastKnownFileType = sourcecode.swift; path = DailyScrum.swift; sourceTree = "<group>"; };
		6550B1D227A5AD1B0013F0E8 /* CardView.swift */ = {isa = PBXFileReference; lastKnownFileType = sourcecode.swift; path = CardView.swift; sourceTree = "<group>"; };
		65557B2327AF3E66001A2602 /* DetailEditView.swift */ = {isa = PBXFileReference; lastKnownFileType = sourcecode.swift; path = DetailEditView.swift; sourceTree = "<group>"; };
		65557B2527B034AF001A2602 /* ThemeView.swift */ = {isa = PBXFileReference; lastKnownFileType = sourcecode.swift; path = ThemeView.swift; sourceTree = "<group>"; };
		65557B2727B03984001A2602 /* ThemePicker.swift */ = {isa = PBXFileReference; lastKnownFileType = sourcecode.swift; path = ThemePicker.swift; sourceTree = "<group>"; };
		658E9C9027A7282A00D7496A /* ScrumsView.swift */ = {isa = PBXFileReference; lastKnownFileType = sourcecode.swift; path = ScrumsView.swift; sourceTree = "<group>"; };
		65A4077A27A5BEFE006584BA /* TrailingIconLabelStyle.swift */ = {isa = PBXFileReference; lastKnownFileType = sourcecode.swift; path = TrailingIconLabelStyle.swift; sourceTree = "<group>"; };
		65BB6DDA27BD50D0005A6151 /* MeetingHeaderView.swift */ = {isa = PBXFileReference; lastKnownFileType = sourcecode.swift; path = MeetingHeaderView.swift; sourceTree = "<group>"; };
		65BF5A0127BDEB9F003E3A24 /* ScrumProgressViewStyle.swift */ = {isa = PBXFileReference; lastKnownFileType = sourcecode.swift; path = ScrumProgressViewStyle.swift; sourceTree = "<group>"; };
		65BF5A0327BDFB97003E3A24 /* ScrumTimer.swift */ = {isa = PBXFileReference; lastKnownFileType = sourcecode.swift; path = ScrumTimer.swift; sourceTree = "<group>"; };
/* End PBXFileReference section */

/* Begin PBXFrameworksBuildPhase section */
		650CAC8127A22A7E000F6D12 /* Frameworks */ = {
			isa = PBXFrameworksBuildPhase;
			buildActionMask = 2147483647;
			files = (
			);
			runOnlyForDeploymentPostprocessing = 0;
		};
/* End PBXFrameworksBuildPhase section */

/* Begin PBXGroup section */
		6507D96627C14F6000D9FFB6 /* Resources */ = {
			isa = PBXGroup;
			children = (
				6507D96927C1563300D9FFB6 /* ding.wav */,
			);
			path = Resources;
			sourceTree = "<group>";
		};
		650CAC7B27A22A7E000F6D12 = {
			isa = PBXGroup;
			children = (
				650CAC8627A22A7E000F6D12 /* Scrumdinger */,
				650CAC8527A22A7E000F6D12 /* Products */,
			);
			sourceTree = "<group>";
		};
		650CAC8527A22A7E000F6D12 /* Products */ = {
			isa = PBXGroup;
			children = (
				650CAC8427A22A7E000F6D12 /* Scrumdinger.app */,
			);
			name = Products;
			sourceTree = "<group>";
		};
		650CAC8627A22A7E000F6D12 /* Scrumdinger */ = {
			isa = PBXGroup;
			children = (
				6507D96627C14F6000D9FFB6 /* Resources */,
				6550B1CD27A5A5DA0013F0E8 /* Models */,
				650CAC8727A22A7E000F6D12 /* ScrumdingerApp.swift */,
				650CAC8927A22A7E000F6D12 /* MeetingView.swift */,
				650CAC8B27A22A81000F6D12 /* Assets.xcassets */,
				650CAC8D27A22A81000F6D12 /* Preview Content */,
				6550B1D227A5AD1B0013F0E8 /* CardView.swift */,
				65A4077A27A5BEFE006584BA /* TrailingIconLabelStyle.swift */,
				658E9C9027A7282A00D7496A /* ScrumsView.swift */,
				65226DE327A82B0900507D5C /* DetailView.swift */,
				65557B2327AF3E66001A2602 /* DetailEditView.swift */,
				65557B2527B034AF001A2602 /* ThemeView.swift */,
				65557B2727B03984001A2602 /* ThemePicker.swift */,
				65BB6DDA27BD50D0005A6151 /* MeetingHeaderView.swift */,
				65BF5A0127BDEB9F003E3A24 /* ScrumProgressViewStyle.swift */,
				6507D96427C0994D00D9FFB6 /* MeetingFooterView.swift */,
			);
			path = Scrumdinger;
			sourceTree = "<group>";
		};
		650CAC8D27A22A81000F6D12 /* Preview Content */ = {
			isa = PBXGroup;
			children = (
				650CAC8E27A22A81000F6D12 /* Preview Assets.xcassets */,
			);
			path = "Preview Content";
			sourceTree = "<group>";
		};
		6550B1CD27A5A5DA0013F0E8 /* Models */ = {
			isa = PBXGroup;
			children = (
				6550B1CE27A5A5FF0013F0E8 /* Theme.swift */,
				6550B1D027A5AB0A0013F0E8 /* DailyScrum.swift */,
				65BF5A0327BDFB97003E3A24 /* ScrumTimer.swift */,
				6507D96727C14FC500D9FFB6 /* AVPlayer+Ding.swift */,
				6507D96B27C1CF6200D9FFB6 /* History.swift */,
			);
			path = Models;
			sourceTree = "<group>";
		};
/* End PBXGroup section */

/* Begin PBXNativeTarget section */
		650CAC8327A22A7E000F6D12 /* Scrumdinger */ = {
			isa = PBXNativeTarget;
			buildConfigurationList = 650CAC9227A22A81000F6D12 /* Build configuration list for PBXNativeTarget "Scrumdinger" */;
			buildPhases = (
				650CAC8027A22A7E000F6D12 /* Sources */,
				650CAC8127A22A7E000F6D12 /* Frameworks */,
				650CAC8227A22A7E000F6D12 /* Resources */,
			);
			buildRules = (
			);
			dependencies = (
			);
			name = Scrumdinger;
			productName = Scrumdinger;
			productReference = 650CAC8427A22A7E000F6D12 /* Scrumdinger.app */;
			productType = "com.apple.product-type.application";
		};
/* End PBXNativeTarget section */

/* Begin PBXProject section */
		650CAC7C27A22A7E000F6D12 /* Project object */ = {
			isa = PBXProject;
			attributes = {
				BuildIndependentTargetsInParallel = 1;
				LastSwiftUpdateCheck = 1320;
				LastUpgradeCheck = 1320;
				TargetAttributes = {
					650CAC8327A22A7E000F6D12 = {
						CreatedOnToolsVersion = 13.2.1;
					};
				};
			};
			buildConfigurationList = 650CAC7F27A22A7E000F6D12 /* Build configuration list for PBXProject "Scrumdinger" */;
			compatibilityVersion = "Xcode 13.0";
			developmentRegion = en;
			hasScannedForEncodings = 0;
			knownRegions = (
				en,
				Base,
			);
			mainGroup = 650CAC7B27A22A7E000F6D12;
			productRefGroup = 650CAC8527A22A7E000F6D12 /* Products */;
			projectDirPath = "";
			projectRoot = "";
			targets = (
				650CAC8327A22A7E000F6D12 /* Scrumdinger */,
			);
		};
/* End PBXProject section */

/* Begin PBXResourcesBuildPhase section */
		650CAC8227A22A7E000F6D12 /* Resources */ = {
			isa = PBXResourcesBuildPhase;
			buildActionMask = 2147483647;
			files = (
				6507D96A27C1563300D9FFB6 /* ding.wav in Resources */,
				650CAC8F27A22A81000F6D12 /* Preview Assets.xcassets in Resources */,
				650CAC8C27A22A81000F6D12 /* Assets.xcassets in Resources */,
			);
			runOnlyForDeploymentPostprocessing = 0;
		};
/* End PBXResourcesBuildPhase section */

/* Begin PBXSourcesBuildPhase section */
		650CAC8027A22A7E000F6D12 /* Sources */ = {
			isa = PBXSourcesBuildPhase;
			buildActionMask = 2147483647;
			files = (
				6507D96C27C1CF6200D9FFB6 /* History.swift in Sources */,
				65557B2827B03984001A2602 /* ThemePicker.swift in Sources */,
				65BF5A0227BDEB9F003E3A24 /* ScrumProgressViewStyle.swift in Sources */,
				6507D96527C0994D00D9FFB6 /* MeetingFooterView.swift in Sources */,
				65BF5A0427BDFB97003E3A24 /* ScrumTimer.swift in Sources */,
				6550B1D127A5AB0A0013F0E8 /* DailyScrum.swift in Sources */,
				65226DE427A82B0900507D5C /* DetailView.swift in Sources */,
				65BB6DDB27BD50D0005A6151 /* MeetingHeaderView.swift in Sources */,
				65557B2427AF3E66001A2602 /* DetailEditView.swift in Sources */,
				65A4077B27A5BEFE006584BA /* TrailingIconLabelStyle.swift in Sources */,
				6550B1CF27A5A5FF0013F0E8 /* Theme.swift in Sources */,
				658E9C9127A7282A00D7496A /* ScrumsView.swift in Sources */,
				650CAC8A27A22A7E000F6D12 /* MeetingView.swift in Sources */,
				650CAC8827A22A7E000F6D12 /* ScrumdingerApp.swift in Sources */,
				65557B2627B034AF001A2602 /* ThemeView.swift in Sources */,
				6550B1D327A5AD1B0013F0E8 /* CardView.swift in Sources */,
				6507D96827C14FC500D9FFB6 /* AVPlayer+Ding.swift in Sources */,
			);
			runOnlyForDeploymentPostprocessing = 0;
		};
/* End PBXSourcesBuildPhase section */

/* Begin XCBuildConfiguration section */
		650CAC9027A22A81000F6D12 /* Debug */ = {
			isa = XCBuildConfiguration;
			buildSettings = {
				ALWAYS_SEARCH_USER_PATHS = NO;
				CLANG_ANALYZER_NONNULL = YES;
				CLANG_ANALYZER_NUMBER_OBJECT_CONVERSION = YES_AGGRESSIVE;
				CLANG_CXX_LANGUAGE_STANDARD = "gnu++17";
				CLANG_CXX_LIBRARY = "libc++";
				CLANG_ENABLE_MODULES = YES;
				CLANG_ENABLE_OBJC_ARC = YES;
				CLANG_ENABLE_OBJC_WEAK = YES;
				CLANG_WARN_BLOCK_CAPTURE_AUTORELEASING = YES;
				CLANG_WARN_BOOL_CONVERSION = YES;
				CLANG_WARN_COMMA = YES;
				CLANG_WARN_CONSTANT_CONVERSION = YES;
				CLANG_WARN_DEPRECATED_OBJC_IMPLEMENTATIONS = YES;
				CLANG_WARN_DIRECT_OBJC_ISA_USAGE = YES_ERROR;
				CLANG_WARN_DOCUMENTATION_COMMENTS = YES;
				CLANG_WARN_EMPTY_BODY = YES;
				CLANG_WARN_ENUM_CONVERSION = YES;
				CLANG_WARN_INFINITE_RECURSION = YES;
				CLANG_WARN_INT_CONVERSION = YES;
				CLANG_WARN_NON_LITERAL_NULL_CONVERSION = YES;
				CLANG_WARN_OBJC_IMPLICIT_RETAIN_SELF = YES;
				CLANG_WARN_OBJC_LITERAL_CONVERSION = YES;
				CLANG_WARN_OBJC_ROOT_CLASS = YES_ERROR;
				CLANG_WARN_QUOTED_INCLUDE_IN_FRAMEWORK_HEADER = YES;
				CLANG_WARN_RANGE_LOOP_ANALYSIS = YES;
				CLANG_WARN_STRICT_PROTOTYPES = YES;
				CLANG_WARN_SUSPICIOUS_MOVE = YES;
				CLANG_WARN_UNGUARDED_AVAILABILITY = YES_AGGRESSIVE;
				CLANG_WARN_UNREACHABLE_CODE = YES;
				CLANG_WARN__DUPLICATE_METHOD_MATCH = YES;
				COPY_PHASE_STRIP = NO;
				DEBUG_INFORMATION_FORMAT = dwarf;
				ENABLE_STRICT_OBJC_MSGSEND = YES;
				ENABLE_TESTABILITY = YES;
				GCC_C_LANGUAGE_STANDARD = gnu11;
				GCC_DYNAMIC_NO_PIC = NO;
				GCC_NO_COMMON_BLOCKS = YES;
				GCC_OPTIMIZATION_LEVEL = 0;
				GCC_PREPROCESSOR_DEFINITIONS = (
					"DEBUG=1",
					"$(inherited)",
				);
				GCC_WARN_64_TO_32_BIT_CONVERSION = YES;
				GCC_WARN_ABOUT_RETURN_TYPE = YES_ERROR;
				GCC_WARN_UNDECLARED_SELECTOR = YES;
				GCC_WARN_UNINITIALIZED_AUTOS = YES_AGGRESSIVE;
				GCC_WARN_UNUSED_FUNCTION = YES;
				GCC_WARN_UNUSED_VARIABLE = YES;
				IPHONEOS_DEPLOYMENT_TARGET = 15.2;
				MTL_ENABLE_DEBUG_INFO = INCLUDE_SOURCE;
				MTL_FAST_MATH = YES;
				ONLY_ACTIVE_ARCH = YES;
				SDKROOT = iphoneos;
				SWIFT_ACTIVE_COMPILATION_CONDITIONS = DEBUG;
				SWIFT_OPTIMIZATION_LEVEL = "-Onone";
			};
			name = Debug;
		};
		650CAC9127A22A81000F6D12 /* Release */ = {
			isa = XCBuildConfiguration;
			buildSettings = {
				ALWAYS_SEARCH_USER_PATHS = NO;
				CLANG_ANALYZER_NONNULL = YES;
				CLANG_ANALYZER_NUMBER_OBJECT_CONVERSION = YES_AGGRESSIVE;
				CLANG_CXX_LANGUAGE_STANDARD = "gnu++17";
				CLANG_CXX_LIBRARY = "libc++";
				CLANG_ENABLE_MODULES = YES;
				CLANG_ENABLE_OBJC_ARC = YES;
				CLANG_ENABLE_OBJC_WEAK = YES;
				CLANG_WARN_BLOCK_CAPTURE_AUTORELEASING = YES;
				CLANG_WARN_BOOL_CONVERSION = YES;
				CLANG_WARN_COMMA = YES;
				CLANG_WARN_CONSTANT_CONVERSION = YES;
				CLANG_WARN_DEPRECATED_OBJC_IMPLEMENTATIONS = YES;
				CLANG_WARN_DIRECT_OBJC_ISA_USAGE = YES_ERROR;
				CLANG_WARN_DOCUMENTATION_COMMENTS = YES;
				CLANG_WARN_EMPTY_BODY = YES;
				CLANG_WARN_ENUM_CONVERSION = YES;
				CLANG_WARN_INFINITE_RECURSION = YES;
				CLANG_WARN_INT_CONVERSION = YES;
				CLANG_WARN_NON_LITERAL_NULL_CONVERSION = YES;
				CLANG_WARN_OBJC_IMPLICIT_RETAIN_SELF = YES;
				CLANG_WARN_OBJC_LITERAL_CONVERSION = YES;
				CLANG_WARN_OBJC_ROOT_CLASS = YES_ERROR;
				CLANG_WARN_QUOTED_INCLUDE_IN_FRAMEWORK_HEADER = YES;
				CLANG_WARN_RANGE_LOOP_ANALYSIS = YES;
				CLANG_WARN_STRICT_PROTOTYPES = YES;
				CLANG_WARN_SUSPICIOUS_MOVE = YES;
				CLANG_WARN_UNGUARDED_AVAILABILITY = YES_AGGRESSIVE;
				CLANG_WARN_UNREACHABLE_CODE = YES;
				CLANG_WARN__DUPLICATE_METHOD_MATCH = YES;
				COPY_PHASE_STRIP = NO;
				DEBUG_INFORMATION_FORMAT = "dwarf-with-dsym";
				ENABLE_NS_ASSERTIONS = NO;
				ENABLE_STRICT_OBJC_MSGSEND = YES;
				GCC_C_LANGUAGE_STANDARD = gnu11;
				GCC_NO_COMMON_BLOCKS = YES;
				GCC_WARN_64_TO_32_BIT_CONVERSION = YES;
				GCC_WARN_ABOUT_RETURN_TYPE = YES_ERROR;
				GCC_WARN_UNDECLARED_SELECTOR = YES;
				GCC_WARN_UNINITIALIZED_AUTOS = YES_AGGRESSIVE;
				GCC_WARN_UNUSED_FUNCTION = YES;
				GCC_WARN_UNUSED_VARIABLE = YES;
				IPHONEOS_DEPLOYMENT_TARGET = 15.2;
				MTL_ENABLE_DEBUG_INFO = NO;
				MTL_FAST_MATH = YES;
				SDKROOT = iphoneos;
				SWIFT_COMPILATION_MODE = wholemodule;
				SWIFT_OPTIMIZATION_LEVEL = "-O";
				VALIDATE_PRODUCT = YES;
			};
			name = Release;
		};
		650CAC9327A22A81000F6D12 /* Debug */ = {
			isa = XCBuildConfiguration;
			buildSettings = {
				ASSETCATALOG_COMPILER_APPICON_NAME = AppIcon;
				ASSETCATALOG_COMPILER_GLOBAL_ACCENT_COLOR_NAME = AccentColor;
				CODE_SIGN_STYLE = Automatic;
				CURRENT_PROJECT_VERSION = 1;
				DEVELOPMENT_ASSET_PATHS = "\"Scrumdinger/Preview Content\"";
				DEVELOPMENT_TEAM = 96J3KL7YGQ;
				ENABLE_PREVIEWS = YES;
				GENERATE_INFOPLIST_FILE = YES;
				INFOPLIST_KEY_UIApplicationSceneManifest_Generation = YES;
				INFOPLIST_KEY_UIApplicationSupportsIndirectInputEvents = YES;
				INFOPLIST_KEY_UILaunchScreen_Generation = YES;
				INFOPLIST_KEY_UISupportedInterfaceOrientations_iPad = "UIInterfaceOrientationPortrait UIInterfaceOrientationPortraitUpsideDown UIInterfaceOrientationLandscapeLeft UIInterfaceOrientationLandscapeRight";
				INFOPLIST_KEY_UISupportedInterfaceOrientations_iPhone = "UIInterfaceOrientationPortrait UIInterfaceOrientationLandscapeLeft UIInterfaceOrientationLandscapeRight";
				LD_RUNPATH_SEARCH_PATHS = (
					"$(inherited)",
					"@executable_path/Frameworks",
				);
				MARKETING_VERSION = 1.0;
				PRODUCT_BUNDLE_IDENTIFIER = net.duhnnie.Scrumdinger;
				PRODUCT_NAME = "$(TARGET_NAME)";
				SWIFT_EMIT_LOC_STRINGS = YES;
				SWIFT_VERSION = 5.0;
				TARGETED_DEVICE_FAMILY = "1,2";
			};
			name = Debug;
		};
		650CAC9427A22A81000F6D12 /* Release */ = {
			isa = XCBuildConfiguration;
			buildSettings = {
				ASSETCATALOG_COMPILER_APPICON_NAME = AppIcon;
				ASSETCATALOG_COMPILER_GLOBAL_ACCENT_COLOR_NAME = AccentColor;
				CODE_SIGN_STYLE = Automatic;
				CURRENT_PROJECT_VERSION = 1;
				DEVELOPMENT_ASSET_PATHS = "\"Scrumdinger/Preview Content\"";
				DEVELOPMENT_TEAM = 96J3KL7YGQ;
				ENABLE_PREVIEWS = YES;
				GENERATE_INFOPLIST_FILE = YES;
				INFOPLIST_KEY_UIApplicationSceneManifest_Generation = YES;
				INFOPLIST_KEY_UIApplicationSupportsIndirectInputEvents = YES;
				INFOPLIST_KEY_UILaunchScreen_Generation = YES;
				INFOPLIST_KEY_UISupportedInterfaceOrientations_iPad = "UIInterfaceOrientationPortrait UIInterfaceOrientationPortraitUpsideDown UIInterfaceOrientationLandscapeLeft UIInterfaceOrientationLandscapeRight";
				INFOPLIST_KEY_UISupportedInterfaceOrientations_iPhone = "UIInterfaceOrientationPortrait UIInterfaceOrientationLandscapeLeft UIInterfaceOrientationLandscapeRight";
				LD_RUNPATH_SEARCH_PATHS = (
					"$(inherited)",
					"@executable_path/Frameworks",
				);
				MARKETING_VERSION = 1.0;
				PRODUCT_BUNDLE_IDENTIFIER = net.duhnnie.Scrumdinger;
				PRODUCT_NAME = "$(TARGET_NAME)";
				SWIFT_EMIT_LOC_STRINGS = YES;
				SWIFT_VERSION = 5.0;
				TARGETED_DEVICE_FAMILY = "1,2";
			};
			name = Release;
		};
/* End XCBuildConfiguration section */

/* Begin XCConfigurationList section */
		650CAC7F27A22A7E000F6D12 /* Build configuration list for PBXProject "Scrumdinger" */ = {
			isa = XCConfigurationList;
			buildConfigurations = (
				650CAC9027A22A81000F6D12 /* Debug */,
				650CAC9127A22A81000F6D12 /* Release */,
			);
			defaultConfigurationIsVisible = 0;
			defaultConfigurationName = Release;
		};
		650CAC9227A22A81000F6D12 /* Build configuration list for PBXNativeTarget "Scrumdinger" */ = {
			isa = XCConfigurationList;
			buildConfigurations = (
				650CAC9327A22A81000F6D12 /* Debug */,
				650CAC9427A22A81000F6D12 /* Release */,
			);
			defaultConfigurationIsVisible = 0;
			defaultConfigurationName = Release;
		};
/* End XCConfigurationList section */
	};
	rootObject = 650CAC7C27A22A7E000F6D12 /* Project object */;
}
